
Microsoft Visual Studio Solution File, Format Version 12.00
# Visual Studio Version 17
VisualStudioVersion = 17.7.34018.315
MinimumVisualStudioVersion = 10.0.40219.1
Project("{FAE04EC0-301F-11D3-BF4B-00C04F79EFBC}") = "SolarSystem", "SolarSystem\SolarSystem.csproj", "{73ADE088-224D-421A-94E8-F06C1D535A9F}"
EndProject
Global
	GlobalSection(SolutionConfigurationPlatforms) = preSolution
		Debug|Any CPU = Debug|Any CPU
		Release|Any CPU = Release|Any CPU
	EndGlobalSection
	GlobalSection(ProjectConfigurationPlatforms) = postSolution
		{73ADE088-224D-421A-94E8-F06C1D535A9F}.Debug|Any CPU.ActiveCfg = Debug|Any CPU
		{73ADE088-224D-421A-94E8-F06C1D535A9F}.Debug|Any CPU.Build.0 = Debug|Any CPU
		{73ADE088-224D-421A-94E8-F06C1D535A9F}.Release|Any CPU.ActiveCfg = Release|Any CPU
		{73ADE088-224D-421A-94E8-F06C1D535A9F}.Release|Any CPU.Build.0 = Release|Any CPU
	EndGlobalSection
	GlobalSection(SolutionProperties) = preSolution
		HideSolutionNode = FALSE
	EndGlobalSection
	GlobalSection(ExtensibilityGlobals) = postSolution
		SolutionGuid = {A4552780-8B6C-4E7E-BD1E-78E1380DD089}
	EndGlobalSection
EndGlobal
